<?xml version="1.0" encoding="utf-8"?>
<Project ToolsVersion="4.0" xmlns="http://schemas.microsoft.com/developer/msbuild/2003">
  <ItemGroup>
    <Filter Include="Source Files">
      <UniqueIdentifier>{55b78fb0-a31b-4d3c-acb2-a57fceb786e9}</UniqueIdentifier>
      <Extensions>cpp;c;cxx;rc;def;r;odl;idl;hpj;bat</Extensions>
    </Filter>
    <Filter Include="Header Files">
      <UniqueIdentifier>{6e4f16c0-5c01-48d5-99c9-877ae22b7b99}</UniqueIdentifier>
      <Extensions>h;hpp;hxx;hm;inl</Extensions>
    </Filter>
    <Filter Include="Resource Files">
      <UniqueIdentifier>{9b92d788-07cd-4163-b89a-da84e3b7fcc2}</UniqueIdentifier>
      <Extensions>ico;cur;bmp;dlg;rc2;rct;bin;rgs;gif;jpg;jpeg;jpe</Extensions>
    </Filter>
  </ItemGroup>
  <ItemGroup>
    <ClCompile Include="ChangeScreenMode.cpp">
      <Filter>Source Files</Filter>
    </ClCompile>
    <ClCompile Include="CreateGameInfo.cpp">
      <Filter>Source Files</Filter>
    </ClCompile>
    <ClCompile Include="DeleteGameInfo.cpp">
      <Filter>Source Files</Filter>
    </ClCompile>
    <ClCompile Include="ExistsGameInfo.cpp">
      <Filter>Source Files</Filter>
    </ClCompile>
    <ClCompile Include="GetBooleanValueFromRegistry.cpp">
      <Filter>Source Files</Filter>
    </ClCompile>
    <ClCompile Include="GetFloatValueFromRegistry.cpp">
      <Filter>Source Files</Filter>
    </ClCompile>
    <ClCompile Include="GetGameBonus.cpp">
      <Filter>Source Files</Filter>
    </ClCompile>
    <ClCompile Include="GetGameData.cpp">
      <Filter>Source Files</Filter>
    </ClCompile>
    <ClCompile Include="GetGameID.cpp">
      <Filter>Source Files</Filter>
    </ClCompile>
    <ClCompile Include="GetGameName.cpp">
      <Filter>Source Files</Filter>
    </ClCompile>
    <ClCompile Include="GetGameScore.cpp">
      <Filter>Source Files</Filter>
    </ClCompile>
    <ClCompile Include="GetIntegerValueFromRegistry.cpp">
      <Filter>Source Files</Filter>
    </ClCompile>
    <ClCompile Include="GetLevelBonus.cpp">
      <Filter>Source Files</Filter>
    </ClCompile>
    <ClCompile Include="GetLevelData.cpp">
      <Filter>Source Files</Filter>
    </ClCompile>
    <ClCompile Include="GetLevelID.cpp">
      <Filter>Source Files</Filter>
    </ClCompile>
    <ClCompile Include="GetLevelName.cpp">
      <Filter>Source Files</Filter>
    </ClCompile>
    <ClCompile Include="GetLevelReached.cpp">
      <Filter>Source Files</Filter>
    </ClCompile>
    <ClCompile Include="GetLevelScore.cpp">
      <Filter>Source Files</Filter>
    </ClCompile>
    <ClCompile Include="GetStringValueFromRegistry.cpp">
      <Filter>Source Files</Filter>
    </ClCompile>
    <ClCompile Include="InstallArray.cpp">
      <Filter>Source Files</Filter>
    </ClCompile>
    <ClCompile Include="InterfaceManager.cpp">
      <Filter>Source Files</Filter>
    </ClCompile>
    <ClCompile Include="IsRookie.cpp">
      <Filter>Source Files</Filter>
    </ClCompile>
    <ClCompile Include="LimitFramerate.cpp">
      <Filter>Source Files</Filter>
    </ClCompile>
    <ClCompile Include="ListDrivers.cpp">
      <Filter>Source Files</Filter>
    </ClCompile>
    <ClCompile Include="ListScreenModes.cpp">
      <Filter>Source Files</Filter>
    </ClCompile>
    <ClCompile Include="NemoArray.cpp">
      <Filter>Source Files</Filter>
    </ClCompile>
    <ClCompile Include="PlayerActive.cpp">
      <Filter>Source Files</Filter>
    </ClCompile>
    <ClCompile Include="ReadArray.cpp">
      <Filter>Source Files</Filter>
    </ClCompile>
    <ClCompile Include="ReadRegistry.cpp">
      <Filter>Source Files</Filter>
    </ClCompile>
    <ClCompile Include="SendCMOLoad.cpp">
      <Filter>Source Files</Filter>
    </ClCompile>
    <ClCompile Include="SendCMORestart.cpp">
      <Filter>Source Files</Filter>
    </ClCompile>
    <ClCompile Include="SendExitToSystem.cpp">
      <Filter>Source Files</Filter>
    </ClCompile>
    <ClCompile Include="SetBooleanValueToRegistry.cpp">
      <Filter>Source Files</Filter>
    </ClCompile>
    <ClCompile Include="SetFloatValueToRegistry.cpp">
      <Filter>Source Files</Filter>
    </ClCompile>
    <ClCompile Include="SetGameBonus.cpp">
      <Filter>Source Files</Filter>
    </ClCompile>
    <ClCompile Include="SetGameData.cpp">
      <Filter>Source Files</Filter>
    </ClCompile>
    <ClCompile Include="SetGameID.cpp">
      <Filter>Source Files</Filter>
    </ClCompile>
    <ClCompile Include="SetGameName.cpp">
      <Filter>Source Files</Filter>
    </ClCompile>
    <ClCompile Include="SetGameScore.cpp">
      <Filter>Source Files</Filter>
    </ClCompile>
    <ClCompile Include="SetIntegerValueToRegistry.cpp">
      <Filter>Source Files</Filter>
    </ClCompile>
    <ClCompile Include="SetLevelBonus.cpp">
      <Filter>Source Files</Filter>
    </ClCompile>
    <ClCompile Include="SetLevelData.cpp">
      <Filter>Source Files</Filter>
    </ClCompile>
    <ClCompile Include="SetLevelID.cpp">
      <Filter>Source Files</Filter>
    </ClCompile>
    <ClCompile Include="SetLevelName.cpp">
      <Filter>Source Files</Filter>
    </ClCompile>
    <ClCompile Include="SetLevelReached.cpp">
      <Filter>Source Files</Filter>
    </ClCompile>
    <ClCompile Include="SetLevelScore.cpp">
      <Filter>Source Files</Filter>
    </ClCompile>
    <ClCompile Include="SetRookie.cpp">
      <Filter>Source Files</Filter>
    </ClCompile>
    <ClCompile Include="SetStringValueToRegistry.cpp">
      <Filter>Source Files</Filter>
    </ClCompile>
    <ClCompile Include="SetTaskSwitchHandler.cpp">
      <Filter>Source Files</Filter>
    </ClCompile>
    <ClCompile Include="StdAfx.cpp">
      <Filter>Source Files</Filter>
    </ClCompile>
    <ClCompile Include="TT_InterfaceManager_RT.cpp">
      <Filter>Source Files</Filter>
    </ClCompile>
    <ClCompile Include="UninstallArray.cpp">
      <Filter>Source Files</Filter>
    </ClCompile>
    <ClCompile Include="WindowActivated.cpp">
      <Filter>Source Files</Filter>
    </ClCompile>
    <ClCompile Include="WriteArray.cpp">
      <Filter>Source Files</Filter>
    </ClCompile>
    <ClCompile Include="WriteRegistry.cpp">
      <Filter>Source Files</Filter>
    </ClCompile>
  </ItemGroup>
  <ItemGroup>
    <ClInclude Include="InterfaceManager.h">
      <Filter>Header Files</Filter>
    </ClInclude>
    <ClInclude Include="NemoArray.h">
      <Filter>Header Files</Filter>
    </ClInclude>
    <ClInclude Include="StdAfx.h">
      <Filter>Header Files</Filter>
    </ClInclude>
  </ItemGroup>
  <ItemGroup>
    <CustomBuild Include="TT_InterfaceManager_RT.def">
      <Filter>Source Files</Filter>
    </CustomBuild>
  </ItemGroup>
</Project>