
Microsoft Visual Studio Solution File, Format Version 12.00
# Visual Studio Version 16
VisualStudioVersion = 16.0.32407.337
MinimumVisualStudioVersion = 10.0.40219.1
Project("{8BC9CEB8-8B4A-11D0-8D11-00A0C91BC942}") = "Common", "Source\Common\Common.vcxproj", "{612C0D55-05C7-469B-AE2D-7CC7AA8B89BC}"
EndProject
Project("{8BC9CEB8-8B4A-11D0-8D11-00A0C91BC942}") = "Player", "Source\Player\Player.vcxproj", "{F75B896D-0242-432F-A102-912A3B49CE47}"
	ProjectSection(ProjectDependencies) = postProject
		{7B1C3313-15FC-41C8-BD33-47154B8310D0} = {7B1C3313-15FC-41C8-BD33-47154B8310D0}
		{612C0D55-05C7-469B-AE2D-7CC7AA8B89BC} = {612C0D55-05C7-469B-AE2D-7CC7AA8B89BC}
	EndProjectSection
EndProject
Project("{8BC9CEB8-8B4A-11D0-8D11-00A0C91BC942}") = "ResDll", "Source\ResDll\ResDll.vcxproj", "{7B1C3313-15FC-41C8-BD33-47154B8310D0}"
EndProject
Project("{8BC9CEB8-8B4A-11D0-8D11-00A0C91BC942}") = "TT_DatabaseManager_RT", "Source\BuildingBlocks\TT_DatabaseManager_RT\TT_DatabaseManager_RT.vcxproj", "{31E83156-A162-4C64-BF52-AC251D8F3EF7}"
EndProject
Project("{8BC9CEB8-8B4A-11D0-8D11-00A0C91BC942}") = "TT_InterfaceManager_RT", "Source\BuildingBlocks\TT_InterfaceManager_RT\TT_InterfaceManager_RT.vcxproj", "{D1F5B337-5FD7-437A-B06A-D3AAFAECD172}"
	ProjectSection(ProjectDependencies) = postProject
		{612C0D55-05C7-469B-AE2D-7CC7AA8B89BC} = {612C0D55-05C7-469B-AE2D-7CC7AA8B89BC}
	EndProjectSection
EndProject
Global
	GlobalSection(SolutionConfigurationPlatforms) = preSolution
		Debug|x86 = Debug|x86
		Release|x86 = Release|x86
	EndGlobalSection
	GlobalSection(ProjectConfigurationPlatforms) = postSolution
		{612C0D55-05C7-469B-AE2D-7CC7AA8B89BC}.Debug|x86.ActiveCfg = Debug|Win32
		{612C0D55-05C7-469B-AE2D-7CC7AA8B89BC}.Debug|x86.Build.0 = Debug|Win32
		{612C0D55-05C7-469B-AE2D-7CC7AA8B89BC}.Release|x86.ActiveCfg = Release|Win32
		{612C0D55-05C7-469B-AE2D-7CC7AA8B89BC}.Release|x86.Build.0 = Release|Win32
		{F75B896D-0242-432F-A102-912A3B49CE47}.Debug|x86.ActiveCfg = Debug|Win32
		{F75B896D-0242-432F-A102-912A3B49CE47}.Debug|x86.Build.0 = Debug|Win32
		{F75B896D-0242-432F-A102-912A3B49CE47}.Release|x86.ActiveCfg = Release|Win32
		{F75B896D-0242-432F-A102-912A3B49CE47}.Release|x86.Build.0 = Release|Win32
		{7B1C3313-15FC-41C8-BD33-47154B8310D0}.Debug|x86.ActiveCfg = Debug|Win32
		{7B1C3313-15FC-41C8-BD33-47154B8310D0}.Debug|x86.Build.0 = Debug|Win32
		{7B1C3313-15FC-41C8-BD33-47154B8310D0}.Release|x86.ActiveCfg = Release|Win32
		{7B1C3313-15FC-41C8-BD33-47154B8310D0}.Release|x86.Build.0 = Release|Win32
		{31E83156-A162-4C64-BF52-AC251D8F3EF7}.Debug|x86.ActiveCfg = Debug|Win32
		{31E83156-A162-4C64-BF52-AC251D8F3EF7}.Debug|x86.Build.0 = Debug|Win32
		{31E83156-A162-4C64-BF52-AC251D8F3EF7}.Release|x86.ActiveCfg = Release|Win32
		{31E83156-A162-4C64-BF52-AC251D8F3EF7}.Release|x86.Build.0 = Release|Win32
		{D1F5B337-5FD7-437A-B06A-D3AAFAECD172}.Debug|x86.ActiveCfg = Debug|Win32
		{D1F5B337-5FD7-437A-B06A-D3AAFAECD172}.Debug|x86.Build.0 = Debug|Win32
		{D1F5B337-5FD7-437A-B06A-D3AAFAECD172}.Release|x86.ActiveCfg = Release|Win32
		{D1F5B337-5FD7-437A-B06A-D3AAFAECD172}.Release|x86.Build.0 = Release|Win32
	EndGlobalSection
	GlobalSection(SolutionProperties) = preSolution
		HideSolutionNode = FALSE
	EndGlobalSection
	GlobalSection(ExtensibilityGlobals) = postSolution
		SolutionGuid = {5C864A73-1505-48B8-AC3C-9A021E2A6201}
	EndGlobalSection
EndGlobal
